
Microsoft Visual Studio Solution File, Format Version 12.00
# Visual Studio Version 16
VisualStudioVersion = 16.0.31515.178
MinimumVisualStudioVersion = 10.0.40219.1
Project("{9A19103F-16F7-4668-BE54-9A1E7A4F7556}") = "eShopSolution.WebApp", "eShopSolution.WebApp\eShopSolution.WebApp.csproj", "{04EFDF93-44DD-484A-8B42-8F493BB36289}"
EndProject
Project("{9A19103F-16F7-4668-BE54-9A1E7A4F7556}") = "eShopSolution.Data", "eShopSolution.Data\eShopSolution.Data.csproj", "{8BDABF5D-61EA-435C-8838-FD22B195BB69}"
EndProject
Project("{9A19103F-16F7-4668-BE54-9A1E7A4F7556}") = "eShopSolution.Application", "eShopSolution.Application\eShopSolution.Application.csproj", "{61AA3217-E63F-464A-9E35-1CD73F20E539}"
EndProject
Project("{9A19103F-16F7-4668-BE54-9A1E7A4F7556}") = "eShopSolution.ViewModels", "eShopSolution.ViewModels\eShopSolution.ViewModels.csproj", "{D5FEE1C0-A9A7-4DA1-A279-6513259686C2}"
EndProject
Project("{9A19103F-16F7-4668-BE54-9A1E7A4F7556}") = "Utilities", "Utilities\Utilities.csproj", "{2C7B228A-F385-47AA-91A5-893A8704DD30}"
EndProject
Project("{9A19103F-16F7-4668-BE54-9A1E7A4F7556}") = "eShopSolution.BackendApi", "eShopSolution.BackendApi\eShopSolution.BackendApi.csproj", "{7774E030-C334-4E98-B575-C38D0878CD5E}"
EndProject
Project("{FAE04EC0-301F-11D3-BF4B-00C04F79EFBC}") = "eShopSolution.AdminApp", "eShopSolution.AdminApp\eShopSolution.AdminApp.csproj", "{2061F513-68AD-4FF6-AD2F-2E37FD855933}"
EndProject
Global
	GlobalSection(SolutionConfigurationPlatforms) = preSolution
		Debug|Any CPU = Debug|Any CPU
		Release|Any CPU = Release|Any CPU
	EndGlobalSection
	GlobalSection(ProjectConfigurationPlatforms) = postSolution
		{04EFDF93-44DD-484A-8B42-8F493BB36289}.Debug|Any CPU.ActiveCfg = Debug|Any CPU
		{04EFDF93-44DD-484A-8B42-8F493BB36289}.Debug|Any CPU.Build.0 = Debug|Any CPU
		{04EFDF93-44DD-484A-8B42-8F493BB36289}.Release|Any CPU.ActiveCfg = Release|Any CPU
		{04EFDF93-44DD-484A-8B42-8F493BB36289}.Release|Any CPU.Build.0 = Release|Any CPU
		{8BDABF5D-61EA-435C-8838-FD22B195BB69}.Debug|Any CPU.ActiveCfg = Debug|Any CPU
		{8BDABF5D-61EA-435C-8838-FD22B195BB69}.Debug|Any CPU.Build.0 = Debug|Any CPU
		{8BDABF5D-61EA-435C-8838-FD22B195BB69}.Release|Any CPU.ActiveCfg = Release|Any CPU
		{8BDABF5D-61EA-435C-8838-FD22B195BB69}.Release|Any CPU.Build.0 = Release|Any CPU
		{61AA3217-E63F-464A-9E35-1CD73F20E539}.Debug|Any CPU.ActiveCfg = Debug|Any CPU
		{61AA3217-E63F-464A-9E35-1CD73F20E539}.Debug|Any CPU.Build.0 = Debug|Any CPU
		{61AA3217-E63F-464A-9E35-1CD73F20E539}.Release|Any CPU.ActiveCfg = Release|Any CPU
		{61AA3217-E63F-464A-9E35-1CD73F20E539}.Release|Any CPU.Build.0 = Release|Any CPU
		{D5FEE1C0-A9A7-4DA1-A279-6513259686C2}.Debug|Any CPU.ActiveCfg = Debug|Any CPU
		{D5FEE1C0-A9A7-4DA1-A279-6513259686C2}.Debug|Any CPU.Build.0 = Debug|Any CPU
		{D5FEE1C0-A9A7-4DA1-A279-6513259686C2}.Release|Any CPU.ActiveCfg = Release|Any CPU
		{D5FEE1C0-A9A7-4DA1-A279-6513259686C2}.Release|Any CPU.Build.0 = Release|Any CPU
		{2C7B228A-F385-47AA-91A5-893A8704DD30}.Debug|Any CPU.ActiveCfg = Debug|Any CPU
		{2C7B228A-F385-47AA-91A5-893A8704DD30}.Debug|Any CPU.Build.0 = Debug|Any CPU
		{2C7B228A-F385-47AA-91A5-893A8704DD30}.Release|Any CPU.ActiveCfg = Release|Any CPU
		{2C7B228A-F385-47AA-91A5-893A8704DD30}.Release|Any CPU.Build.0 = Release|Any CPU
		{7774E030-C334-4E98-B575-C38D0878CD5E}.Debug|Any CPU.ActiveCfg = Debug|Any CPU
		{7774E030-C334-4E98-B575-C38D0878CD5E}.Debug|Any CPU.Build.0 = Debug|Any CPU
		{7774E030-C334-4E98-B575-C38D0878CD5E}.Release|Any CPU.ActiveCfg = Release|Any CPU
		{7774E030-C334-4E98-B575-C38D0878CD5E}.Release|Any CPU.Build.0 = Release|Any CPU
		{2061F513-68AD-4FF6-AD2F-2E37FD855933}.Debug|Any CPU.ActiveCfg = Debug|Any CPU
		{2061F513-68AD-4FF6-AD2F-2E37FD855933}.Debug|Any CPU.Build.0 = Debug|Any CPU
		{2061F513-68AD-4FF6-AD2F-2E37FD855933}.Release|Any CPU.ActiveCfg = Release|Any CPU
		{2061F513-68AD-4FF6-AD2F-2E37FD855933}.Release|Any CPU.Build.0 = Release|Any CPU
	EndGlobalSection
	GlobalSection(SolutionProperties) = preSolution
		HideSolutionNode = FALSE
	EndGlobalSection
	GlobalSection(ExtensibilityGlobals) = postSolution
		SolutionGuid = {87E03E9F-F3A9-4239-99CD-1858AB0E90A4}
	EndGlobalSection
EndGlobal
